// !$*UTF8*$!
{
	archiveVersion = 1;
	classes = {
	};
	objectVersion = 55;
	objects = {

/* Begin PBXBuildFile section */
		C00914F228B60EC1005FDB10 /* UIStoryboardInstantiate.swift in Sources */ = {isa = PBXBuildFile; fileRef = C00914F128B60EC1005FDB10 /* UIStoryboardInstantiate.swift */; };
		C00E931C28ABB23F000CEAFC /* DoubleFormatter.swift in Sources */ = {isa = PBXBuildFile; fileRef = C00E931B28ABB23F000CEAFC /* DoubleFormatter.swift */; };
		C01D06A928AABE58007F499E /* LocalSaveService.swift in Sources */ = {isa = PBXBuildFile; fileRef = C01D06A828AABE58007F499E /* LocalSaveService.swift */; };
		C031E72D28A69B3F002CA97A /* IQKeyboardManagerSwift in Frameworks */ = {isa = PBXBuildFile; productRef = C031E72C28A69B3F002CA97A /* IQKeyboardManagerSwift */; };
		C050432B28AC3A6600744385 /* SummaryCollectionViewCell.swift in Sources */ = {isa = PBXBuildFile; fileRef = C050432A28AC3A6600744385 /* SummaryCollectionViewCell.swift */; };
		C089233228A80526005F6A2B /* TabBarViewController.swift in Sources */ = {isa = PBXBuildFile; fileRef = C089233128A80526005F6A2B /* TabBarViewController.swift */; };
		C089233528A80AB1005F6A2B /* TabBarPresenter.swift in Sources */ = {isa = PBXBuildFile; fileRef = C089233428A80AB1005F6A2B /* TabBarPresenter.swift */; };
		C089233928A80AC5005F6A2B /* TabBarRouter.swift in Sources */ = {isa = PBXBuildFile; fileRef = C089233828A80AC5005F6A2B /* TabBarRouter.swift */; };
		C0ACB93E28A2D8CA00968F26 /* AppDelegate.swift in Sources */ = {isa = PBXBuildFile; fileRef = C0ACB93D28A2D8CA00968F26 /* AppDelegate.swift */; };
		C0ACB94028A2D8CA00968F26 /* SceneDelegate.swift in Sources */ = {isa = PBXBuildFile; fileRef = C0ACB93F28A2D8CA00968F26 /* SceneDelegate.swift */; };
		C0ACB94528A2D8CA00968F26 /* Main.storyboard in Resources */ = {isa = PBXBuildFile; fileRef = C0ACB94328A2D8CA00968F26 /* Main.storyboard */; };
		C0ACB94728A2D8CC00968F26 /* Assets.xcassets in Resources */ = {isa = PBXBuildFile; fileRef = C0ACB94628A2D8CC00968F26 /* Assets.xcassets */; };
		C0ACB94A28A2D8CC00968F26 /* LaunchScreen.storyboard in Resources */ = {isa = PBXBuildFile; fileRef = C0ACB94828A2D8CC00968F26 /* LaunchScreen.storyboard */; };
		C0B4DCC928B6744700220174 /* CollectionCellsRegister.swift in Sources */ = {isa = PBXBuildFile; fileRef = C0B4DCC828B6744700220174 /* CollectionCellsRegister.swift */; };
		C0B99F5E28AA7E41007687F9 /* People.swift in Sources */ = {isa = PBXBuildFile; fileRef = C0B99F5D28AA7E41007687F9 /* People.swift */; };
		C0B9EB4628ABC92300F3B681 /* ScreenTexts.swift in Sources */ = {isa = PBXBuildFile; fileRef = C0B9EB4528ABC92300F3B681 /* ScreenTexts.swift */; };
		C0B9EB4828ABD19F00F3B681 /* Bill.swift in Sources */ = {isa = PBXBuildFile; fileRef = C0B9EB4728ABD19F00F3B681 /* Bill.swift */; };
		C0F15E4628AF5A6600A8D576 /* AddBillViewController.swift in Sources */ = {isa = PBXBuildFile; fileRef = C0F15E4528AF5A6600A8D576 /* AddBillViewController.swift */; };
		C0F15E4828AF5A6F00A8D576 /* AddBillRouter.swift in Sources */ = {isa = PBXBuildFile; fileRef = C0F15E4728AF5A6F00A8D576 /* AddBillRouter.swift */; };
		C0F15E4A28AF5A8900A8D576 /* AddBillInteractor.swift in Sources */ = {isa = PBXBuildFile; fileRef = C0F15E4928AF5A8900A8D576 /* AddBillInteractor.swift */; };
		C0F15E4C28AF5A9C00A8D576 /* AddBillPresenter.swift in Sources */ = {isa = PBXBuildFile; fileRef = C0F15E4B28AF5A9C00A8D576 /* AddBillPresenter.swift */; };
		C0F642DF28A8E39200B75EC9 /* SummaryPresenter.swift in Sources */ = {isa = PBXBuildFile; fileRef = C0F642DE28A8E39200B75EC9 /* SummaryPresenter.swift */; };
		C0F642E128A8E39B00B75EC9 /* SummaryInteractor.swift in Sources */ = {isa = PBXBuildFile; fileRef = C0F642E028A8E39B00B75EC9 /* SummaryInteractor.swift */; };
		C0F642E328A8E3A400B75EC9 /* SummaryRouter.swift in Sources */ = {isa = PBXBuildFile; fileRef = C0F642E228A8E3A400B75EC9 /* SummaryRouter.swift */; };
		C0F8B59228B4CB23002EA1C0 /* AddBillViewController.xib in Resources */ = {isa = PBXBuildFile; fileRef = C0F8B59028B4CB23002EA1C0 /* AddBillViewController.xib */; };
		C0FE41C528ACBA9E00A1E36F /* ResponsiveSizes.swift in Sources */ = {isa = PBXBuildFile; fileRef = C0FE41C428ACBA9E00A1E36F /* ResponsiveSizes.swift */; };
		C0FE41C728ACBD2800A1E36F /* HeaderCollectionReusableView.swift in Sources */ = {isa = PBXBuildFile; fileRef = C0FE41C628ACBD2800A1E36F /* HeaderCollectionReusableView.swift */; };
		C0FE41C928ACC97D00A1E36F /* BillCollectionViewCell.swift in Sources */ = {isa = PBXBuildFile; fileRef = C0FE41C828ACC97D00A1E36F /* BillCollectionViewCell.swift */; };
		C0FE41CD28ACE33400A1E36F /* SummaryViewController.swift in Sources */ = {isa = PBXBuildFile; fileRef = C0FE41CC28ACE33400A1E36F /* SummaryViewController.swift */; };
/* End PBXBuildFile section */

/* Begin PBXFileReference section */
		C00914F128B60EC1005FDB10 /* UIStoryboardInstantiate.swift */ = {isa = PBXFileReference; lastKnownFileType = sourcecode.swift; path = UIStoryboardInstantiate.swift; sourceTree = "<group>"; };
		C00E931B28ABB23F000CEAFC /* DoubleFormatter.swift */ = {isa = PBXFileReference; lastKnownFileType = sourcecode.swift; path = DoubleFormatter.swift; sourceTree = "<group>"; };
		C01D06A828AABE58007F499E /* LocalSaveService.swift */ = {isa = PBXFileReference; lastKnownFileType = sourcecode.swift; name = LocalSaveService.swift; path = "Dude-Money/Models/LocalSaveService.swift"; sourceTree = SOURCE_ROOT; };
		C050432A28AC3A6600744385 /* SummaryCollectionViewCell.swift */ = {isa = PBXFileReference; lastKnownFileType = sourcecode.swift; path = SummaryCollectionViewCell.swift; sourceTree = "<group>"; };
		C089233128A80526005F6A2B /* TabBarViewController.swift */ = {isa = PBXFileReference; lastKnownFileType = sourcecode.swift; path = TabBarViewController.swift; sourceTree = "<group>"; };
		C089233428A80AB1005F6A2B /* TabBarPresenter.swift */ = {isa = PBXFileReference; lastKnownFileType = sourcecode.swift; path = TabBarPresenter.swift; sourceTree = "<group>"; };
		C089233828A80AC5005F6A2B /* TabBarRouter.swift */ = {isa = PBXFileReference; lastKnownFileType = sourcecode.swift; path = TabBarRouter.swift; sourceTree = "<group>"; };
		C0ACB93A28A2D8CA00968F26 /* Dude-Money.app */ = {isa = PBXFileReference; explicitFileType = wrapper.application; includeInIndex = 0; path = "Dude-Money.app"; sourceTree = BUILT_PRODUCTS_DIR; };
		C0ACB93D28A2D8CA00968F26 /* AppDelegate.swift */ = {isa = PBXFileReference; lastKnownFileType = sourcecode.swift; path = AppDelegate.swift; sourceTree = "<group>"; };
		C0ACB93F28A2D8CA00968F26 /* SceneDelegate.swift */ = {isa = PBXFileReference; lastKnownFileType = sourcecode.swift; path = SceneDelegate.swift; sourceTree = "<group>"; };
		C0ACB94428A2D8CA00968F26 /* Base */ = {isa = PBXFileReference; lastKnownFileType = file.storyboard; name = Base; path = Base.lproj/Main.storyboard; sourceTree = "<group>"; };
		C0ACB94628A2D8CC00968F26 /* Assets.xcassets */ = {isa = PBXFileReference; lastKnownFileType = folder.assetcatalog; path = Assets.xcassets; sourceTree = "<group>"; };
		C0ACB94928A2D8CC00968F26 /* Base */ = {isa = PBXFileReference; lastKnownFileType = file.storyboard; name = Base; path = Base.lproj/LaunchScreen.storyboard; sourceTree = "<group>"; };
		C0ACB94B28A2D8CC00968F26 /* Info.plist */ = {isa = PBXFileReference; lastKnownFileType = text.plist.xml; path = Info.plist; sourceTree = "<group>"; };
		C0B4DCC828B6744700220174 /* CollectionCellsRegister.swift */ = {isa = PBXFileReference; lastKnownFileType = sourcecode.swift; path = CollectionCellsRegister.swift; sourceTree = "<group>"; };
		C0B99F5D28AA7E41007687F9 /* People.swift */ = {isa = PBXFileReference; lastKnownFileType = sourcecode.swift; path = People.swift; sourceTree = "<group>"; };
		C0B9EB4528ABC92300F3B681 /* ScreenTexts.swift */ = {isa = PBXFileReference; lastKnownFileType = sourcecode.swift; name = ScreenTexts.swift; path = "Dude-Money/Utils/Extensions/ScreenTexts.swift"; sourceTree = SOURCE_ROOT; };
		C0B9EB4728ABD19F00F3B681 /* Bill.swift */ = {isa = PBXFileReference; lastKnownFileType = sourcecode.swift; path = Bill.swift; sourceTree = "<group>"; };
		C0F15E4528AF5A6600A8D576 /* AddBillViewController.swift */ = {isa = PBXFileReference; lastKnownFileType = sourcecode.swift; path = AddBillViewController.swift; sourceTree = "<group>"; };
		C0F15E4728AF5A6F00A8D576 /* AddBillRouter.swift */ = {isa = PBXFileReference; lastKnownFileType = sourcecode.swift; path = AddBillRouter.swift; sourceTree = "<group>"; };
		C0F15E4928AF5A8900A8D576 /* AddBillInteractor.swift */ = {isa = PBXFileReference; lastKnownFileType = sourcecode.swift; path = AddBillInteractor.swift; sourceTree = "<group>"; };
		C0F15E4B28AF5A9C00A8D576 /* AddBillPresenter.swift */ = {isa = PBXFileReference; lastKnownFileType = sourcecode.swift; path = AddBillPresenter.swift; sourceTree = "<group>"; };
		C0F642DE28A8E39200B75EC9 /* SummaryPresenter.swift */ = {isa = PBXFileReference; lastKnownFileType = sourcecode.swift; path = SummaryPresenter.swift; sourceTree = "<group>"; };
		C0F642E028A8E39B00B75EC9 /* SummaryInteractor.swift */ = {isa = PBXFileReference; lastKnownFileType = sourcecode.swift; path = SummaryInteractor.swift; sourceTree = "<group>"; };
		C0F642E228A8E3A400B75EC9 /* SummaryRouter.swift */ = {isa = PBXFileReference; lastKnownFileType = sourcecode.swift; path = SummaryRouter.swift; sourceTree = "<group>"; };
		C0F8B59028B4CB23002EA1C0 /* AddBillViewController.xib */ = {isa = PBXFileReference; lastKnownFileType = file.xib; path = AddBillViewController.xib; sourceTree = "<group>"; };
		C0FE41C428ACBA9E00A1E36F /* ResponsiveSizes.swift */ = {isa = PBXFileReference; lastKnownFileType = sourcecode.swift; path = ResponsiveSizes.swift; sourceTree = "<group>"; };
		C0FE41C628ACBD2800A1E36F /* HeaderCollectionReusableView.swift */ = {isa = PBXFileReference; lastKnownFileType = sourcecode.swift; path = HeaderCollectionReusableView.swift; sourceTree = "<group>"; };
		C0FE41C828ACC97D00A1E36F /* BillCollectionViewCell.swift */ = {isa = PBXFileReference; lastKnownFileType = sourcecode.swift; path = BillCollectionViewCell.swift; sourceTree = "<group>"; };
		C0FE41CC28ACE33400A1E36F /* SummaryViewController.swift */ = {isa = PBXFileReference; lastKnownFileType = sourcecode.swift; path = SummaryViewController.swift; sourceTree = "<group>"; };
/* End PBXFileReference section */

/* Begin PBXFrameworksBuildPhase section */
		C0ACB93728A2D8CA00968F26 /* Frameworks */ = {
			isa = PBXFrameworksBuildPhase;
			buildActionMask = 2147483647;
			files = (
				C031E72D28A69B3F002CA97A /* IQKeyboardManagerSwift in Frameworks */,
			);
			runOnlyForDeploymentPostprocessing = 0;
		};
/* End PBXFrameworksBuildPhase section */

/* Begin PBXGroup section */
		C00E931A28ABB233000CEAFC /* Extensions */ = {
			isa = PBXGroup;
			children = (
				C00E931B28ABB23F000CEAFC /* DoubleFormatter.swift */,
				C0FE41C428ACBA9E00A1E36F /* ResponsiveSizes.swift */,
				C00914F128B60EC1005FDB10 /* UIStoryboardInstantiate.swift */,
				C0B4DCC828B6744700220174 /* CollectionCellsRegister.swift */,
			);
			path = Extensions;
			sourceTree = "<group>";
		};
		C031E70F28A65A4F002CA97A /* Core */ = {
			isa = PBXGroup;
			children = (
				C0ACB93D28A2D8CA00968F26 /* AppDelegate.swift */,
				C0ACB93F28A2D8CA00968F26 /* SceneDelegate.swift */,
			);
			path = Core;
			sourceTree = "<group>";
		};
		C031E71028A65A5C002CA97A /* Modules */ = {
			isa = PBXGroup;
			children = (
				C0F15E4428AF5A4100A8D576 /* AddBill */,
				C0F642D928A8E1C400B75EC9 /* Summary */,
				C089233028A804F8005F6A2B /* Tabbar */,
			);
			path = Modules;
			sourceTree = "<group>";
		};
		C031E71128A65A68002CA97A /* Utils */ = {
			isa = PBXGroup;
			children = (
				C00E931A28ABB233000CEAFC /* Extensions */,
			);
			path = Utils;
			sourceTree = "<group>";
		};
		C031E71228A65A87002CA97A /* Storyboards */ = {
			isa = PBXGroup;
			children = (
				C0ACB94828A2D8CC00968F26 /* LaunchScreen.storyboard */,
				C0ACB94328A2D8CA00968F26 /* Main.storyboard */,
			);
			path = Storyboards;
			sourceTree = "<group>";
		};
		C031E71328A65ACF002CA97A /* Services */ = {
			isa = PBXGroup;
			children = (
				C01D06A828AABE58007F499E /* LocalSaveService.swift */,
			);
			path = Services;
			sourceTree = "<group>";
		};
		C031E71428A65AEB002CA97A /* Constants */ = {
			isa = PBXGroup;
			children = (
				C0B9EB4528ABC92300F3B681 /* ScreenTexts.swift */,
			);
			path = Constants;
			sourceTree = "<group>";
		};
		C089233028A804F8005F6A2B /* Tabbar */ = {
			isa = PBXGroup;
			children = (
				C089233128A80526005F6A2B /* TabBarViewController.swift */,
				C089233428A80AB1005F6A2B /* TabBarPresenter.swift */,
				C089233828A80AC5005F6A2B /* TabBarRouter.swift */,
			);
			path = Tabbar;
			sourceTree = "<group>";
		};
		C0ACB93128A2D8CA00968F26 = {
			isa = PBXGroup;
			children = (
				C0ACB93C28A2D8CA00968F26 /* Dude-Money */,
				C0ACB93B28A2D8CA00968F26 /* Products */,
			);
			sourceTree = "<group>";
		};
		C0ACB93B28A2D8CA00968F26 /* Products */ = {
			isa = PBXGroup;
			children = (
				C0ACB93A28A2D8CA00968F26 /* Dude-Money.app */,
			);
			name = Products;
			sourceTree = "<group>";
		};
		C0ACB93C28A2D8CA00968F26 /* Dude-Money */ = {
			isa = PBXGroup;
			children = (
				C0B99F5C28AA7E36007687F9 /* Models */,
				C031E70F28A65A4F002CA97A /* Core */,
				C031E71428A65AEB002CA97A /* Constants */,
				C031E71028A65A5C002CA97A /* Modules */,
				C031E71328A65ACF002CA97A /* Services */,
				C031E71228A65A87002CA97A /* Storyboards */,
				C031E71128A65A68002CA97A /* Utils */,
				C0ACB94628A2D8CC00968F26 /* Assets.xcassets */,
				C0ACB94B28A2D8CC00968F26 /* Info.plist */,
			);
			path = "Dude-Money";
			sourceTree = "<group>";
		};
		C0B99F5928AA476A007687F9 /* View */ = {
			isa = PBXGroup;
			children = (
				C050432A28AC3A6600744385 /* SummaryCollectionViewCell.swift */,
				C0FE41C628ACBD2800A1E36F /* HeaderCollectionReusableView.swift */,
				C0FE41C828ACC97D00A1E36F /* BillCollectionViewCell.swift */,
			);
			path = View;
			sourceTree = "<group>";
		};
		C0B99F5C28AA7E36007687F9 /* Models */ = {
			isa = PBXGroup;
			children = (
				C0B99F5D28AA7E41007687F9 /* People.swift */,
				C0B9EB4728ABD19F00F3B681 /* Bill.swift */,
			);
			path = Models;
			sourceTree = "<group>";
		};
		C0F15E4428AF5A4100A8D576 /* AddBill */ = {
			isa = PBXGroup;
			children = (
				C0F15E4528AF5A6600A8D576 /* AddBillViewController.swift */,
				C0F15E4728AF5A6F00A8D576 /* AddBillRouter.swift */,
				C0F15E4928AF5A8900A8D576 /* AddBillInteractor.swift */,
				C0F15E4B28AF5A9C00A8D576 /* AddBillPresenter.swift */,
				C0F8B58828B4C77B002EA1C0 /* Views */,
			);
			path = AddBill;
			sourceTree = "<group>";
		};
		C0F642D928A8E1C400B75EC9 /* Summary */ = {
			isa = PBXGroup;
			children = (
				C0FE41CC28ACE33400A1E36F /* SummaryViewController.swift */,
				C0F642DE28A8E39200B75EC9 /* SummaryPresenter.swift */,
				C0F642E028A8E39B00B75EC9 /* SummaryInteractor.swift */,
				C0F642E228A8E3A400B75EC9 /* SummaryRouter.swift */,
				C0B99F5928AA476A007687F9 /* View */,
			);
			path = Summary;
			sourceTree = "<group>";
		};
		C0F8B58828B4C77B002EA1C0 /* Views */ = {
			isa = PBXGroup;
			children = (
				C0F8B59028B4CB23002EA1C0 /* AddBillViewController.xib */,
			);
			path = Views;
			sourceTree = "<group>";
		};
/* End PBXGroup section */

/* Begin PBXNativeTarget section */
		C0ACB93928A2D8CA00968F26 /* Dude-Money */ = {
			isa = PBXNativeTarget;
			buildConfigurationList = C0ACB94E28A2D8CC00968F26 /* Build configuration list for PBXNativeTarget "Dude-Money" */;
			buildPhases = (
				C0ACB93628A2D8CA00968F26 /* Sources */,
				C0ACB93728A2D8CA00968F26 /* Frameworks */,
				C0ACB93828A2D8CA00968F26 /* Resources */,
			);
			buildRules = (
			);
			dependencies = (
			);
			name = "Dude-Money";
			packageProductDependencies = (
				C031E72C28A69B3F002CA97A /* IQKeyboardManagerSwift */,
			);
			productName = "Dude-Money";
			productReference = C0ACB93A28A2D8CA00968F26 /* Dude-Money.app */;
			productType = "com.apple.product-type.application";
		};
/* End PBXNativeTarget section */

/* Begin PBXProject section */
		C0ACB93228A2D8CA00968F26 /* Project object */ = {
			isa = PBXProject;
			attributes = {
				BuildIndependentTargetsInParallel = 1;
				LastSwiftUpdateCheck = 1340;
				LastUpgradeCheck = 1340;
				TargetAttributes = {
					C0ACB93928A2D8CA00968F26 = {
						CreatedOnToolsVersion = 13.4.1;
					};
				};
			};
			buildConfigurationList = C0ACB93528A2D8CA00968F26 /* Build configuration list for PBXProject "Dude-Money" */;
			compatibilityVersion = "Xcode 13.0";
			developmentRegion = en;
			hasScannedForEncodings = 0;
			knownRegions = (
				en,
				Base,
			);
			mainGroup = C0ACB93128A2D8CA00968F26;
			packageReferences = (
				C031E72B28A69B3F002CA97A /* XCRemoteSwiftPackageReference "IQKeyboardManager" */,
			);
			productRefGroup = C0ACB93B28A2D8CA00968F26 /* Products */;
			projectDirPath = "";
			projectRoot = "";
			targets = (
				C0ACB93928A2D8CA00968F26 /* Dude-Money */,
			);
		};
/* End PBXProject section */

/* Begin PBXResourcesBuildPhase section */
		C0ACB93828A2D8CA00968F26 /* Resources */ = {
			isa = PBXResourcesBuildPhase;
			buildActionMask = 2147483647;
			files = (
				C0ACB94A28A2D8CC00968F26 /* LaunchScreen.storyboard in Resources */,
				C0F8B59228B4CB23002EA1C0 /* AddBillViewController.xib in Resources */,
				C0ACB94728A2D8CC00968F26 /* Assets.xcassets in Resources */,
				C0ACB94528A2D8CA00968F26 /* Main.storyboard in Resources */,
			);
			runOnlyForDeploymentPostprocessing = 0;
		};
/* End PBXResourcesBuildPhase section */

/* Begin PBXSourcesBuildPhase section */
		C0ACB93628A2D8CA00968F26 /* Sources */ = {
			isa = PBXSourcesBuildPhase;
			buildActionMask = 2147483647;
			files = (
				C0B4DCC928B6744700220174 /* CollectionCellsRegister.swift in Sources */,
				C089233928A80AC5005F6A2B /* TabBarRouter.swift in Sources */,
				C00E931C28ABB23F000CEAFC /* DoubleFormatter.swift in Sources */,
				C01D06A928AABE58007F499E /* LocalSaveService.swift in Sources */,
				C0F15E4828AF5A6F00A8D576 /* AddBillRouter.swift in Sources */,
				C0B9EB4628ABC92300F3B681 /* ScreenTexts.swift in Sources */,
				C089233528A80AB1005F6A2B /* TabBarPresenter.swift in Sources */,
				C0F15E4A28AF5A8900A8D576 /* AddBillInteractor.swift in Sources */,
				C0B99F5E28AA7E41007687F9 /* People.swift in Sources */,
				C0F15E4628AF5A6600A8D576 /* AddBillViewController.swift in Sources */,
				C0FE41C728ACBD2800A1E36F /* HeaderCollectionReusableView.swift in Sources */,
				C050432B28AC3A6600744385 /* SummaryCollectionViewCell.swift in Sources */,
				C0FE41C928ACC97D00A1E36F /* BillCollectionViewCell.swift in Sources */,
				C089233228A80526005F6A2B /* TabBarViewController.swift in Sources */,
				C00914F228B60EC1005FDB10 /* UIStoryboardInstantiate.swift in Sources */,
				C0ACB93E28A2D8CA00968F26 /* AppDelegate.swift in Sources */,
				C0ACB94028A2D8CA00968F26 /* SceneDelegate.swift in Sources */,
				C0F15E4C28AF5A9C00A8D576 /* AddBillPresenter.swift in Sources */,
				C0FE41CD28ACE33400A1E36F /* SummaryViewController.swift in Sources */,
				C0F642DF28A8E39200B75EC9 /* SummaryPresenter.swift in Sources */,
				C0F642E128A8E39B00B75EC9 /* SummaryInteractor.swift in Sources */,
				C0FE41C528ACBA9E00A1E36F /* ResponsiveSizes.swift in Sources */,
				C0F642E328A8E3A400B75EC9 /* SummaryRouter.swift in Sources */,
				C0B9EB4828ABD19F00F3B681 /* Bill.swift in Sources */,
			);
			runOnlyForDeploymentPostprocessing = 0;
		};
/* End PBXSourcesBuildPhase section */

/* Begin PBXVariantGroup section */
		C0ACB94328A2D8CA00968F26 /* Main.storyboard */ = {
			isa = PBXVariantGroup;
			children = (
				C0ACB94428A2D8CA00968F26 /* Base */,
			);
			name = Main.storyboard;
			sourceTree = "<group>";
		};
		C0ACB94828A2D8CC00968F26 /* LaunchScreen.storyboard */ = {
			isa = PBXVariantGroup;
			children = (
				C0ACB94928A2D8CC00968F26 /* Base */,
			);
			name = LaunchScreen.storyboard;
			sourceTree = "<group>";
		};
/* End PBXVariantGroup section */

/* Begin XCBuildConfiguration section */
		C0ACB94C28A2D8CC00968F26 /* Debug */ = {
			isa = XCBuildConfiguration;
			buildSettings = {
				ALWAYS_SEARCH_USER_PATHS = NO;
				CLANG_ANALYZER_NONNULL = YES;
				CLANG_ANALYZER_NUMBER_OBJECT_CONVERSION = YES_AGGRESSIVE;
				CLANG_CXX_LANGUAGE_STANDARD = "gnu++17";
				CLANG_ENABLE_MODULES = YES;
				CLANG_ENABLE_OBJC_ARC = YES;
				CLANG_ENABLE_OBJC_WEAK = YES;
				CLANG_WARN_BLOCK_CAPTURE_AUTORELEASING = YES;
				CLANG_WARN_BOOL_CONVERSION = YES;
				CLANG_WARN_COMMA = YES;
				CLANG_WARN_CONSTANT_CONVERSION = YES;
				CLANG_WARN_DEPRECATED_OBJC_IMPLEMENTATIONS = YES;
				CLANG_WARN_DIRECT_OBJC_ISA_USAGE = YES_ERROR;
				CLANG_WARN_DOCUMENTATION_COMMENTS = YES;
				CLANG_WARN_EMPTY_BODY = YES;
				CLANG_WARN_ENUM_CONVERSION = YES;
				CLANG_WARN_INFINITE_RECURSION = YES;
				CLANG_WARN_INT_CONVERSION = YES;
				CLANG_WARN_NON_LITERAL_NULL_CONVERSION = YES;
				CLANG_WARN_OBJC_IMPLICIT_RETAIN_SELF = YES;
				CLANG_WARN_OBJC_LITERAL_CONVERSION = YES;
				CLANG_WARN_OBJC_ROOT_CLASS = YES_ERROR;
				CLANG_WARN_QUOTED_INCLUDE_IN_FRAMEWORK_HEADER = YES;
				CLANG_WARN_RANGE_LOOP_ANALYSIS = YES;
				CLANG_WARN_STRICT_PROTOTYPES = YES;
				CLANG_WARN_SUSPICIOUS_MOVE = YES;
				CLANG_WARN_UNGUARDED_AVAILABILITY = YES_AGGRESSIVE;
				CLANG_WARN_UNREACHABLE_CODE = YES;
				CLANG_WARN__DUPLICATE_METHOD_MATCH = YES;
				COPY_PHASE_STRIP = NO;
				DEBUG_INFORMATION_FORMAT = dwarf;
				ENABLE_STRICT_OBJC_MSGSEND = YES;
				ENABLE_TESTABILITY = YES;
				GCC_C_LANGUAGE_STANDARD = gnu11;
				GCC_DYNAMIC_NO_PIC = NO;
				GCC_NO_COMMON_BLOCKS = YES;
				GCC_OPTIMIZATION_LEVEL = 0;
				GCC_PREPROCESSOR_DEFINITIONS = (
					"DEBUG=1",
					"$(inherited)",
				);
				GCC_WARN_64_TO_32_BIT_CONVERSION = YES;
				GCC_WARN_ABOUT_RETURN_TYPE = YES_ERROR;
				GCC_WARN_UNDECLARED_SELECTOR = YES;
				GCC_WARN_UNINITIALIZED_AUTOS = YES_AGGRESSIVE;
				GCC_WARN_UNUSED_FUNCTION = YES;
				GCC_WARN_UNUSED_VARIABLE = YES;
				IPHONEOS_DEPLOYMENT_TARGET = 15.5;
				MTL_ENABLE_DEBUG_INFO = INCLUDE_SOURCE;
				MTL_FAST_MATH = YES;
				ONLY_ACTIVE_ARCH = YES;
				SDKROOT = iphoneos;
				SWIFT_ACTIVE_COMPILATION_CONDITIONS = DEBUG;
				SWIFT_OPTIMIZATION_LEVEL = "-Onone";
			};
			name = Debug;
		};
		C0ACB94D28A2D8CC00968F26 /* Release */ = {
			isa = XCBuildConfiguration;
			buildSettings = {
				ALWAYS_SEARCH_USER_PATHS = NO;
				CLANG_ANALYZER_NONNULL = YES;
				CLANG_ANALYZER_NUMBER_OBJECT_CONVERSION = YES_AGGRESSIVE;
				CLANG_CXX_LANGUAGE_STANDARD = "gnu++17";
				CLANG_ENABLE_MODULES = YES;
				CLANG_ENABLE_OBJC_ARC = YES;
				CLANG_ENABLE_OBJC_WEAK = YES;
				CLANG_WARN_BLOCK_CAPTURE_AUTORELEASING = YES;
				CLANG_WARN_BOOL_CONVERSION = YES;
				CLANG_WARN_COMMA = YES;
				CLANG_WARN_CONSTANT_CONVERSION = YES;
				CLANG_WARN_DEPRECATED_OBJC_IMPLEMENTATIONS = YES;
				CLANG_WARN_DIRECT_OBJC_ISA_USAGE = YES_ERROR;
				CLANG_WARN_DOCUMENTATION_COMMENTS = YES;
				CLANG_WARN_EMPTY_BODY = YES;
				CLANG_WARN_ENUM_CONVERSION = YES;
				CLANG_WARN_INFINITE_RECURSION = YES;
				CLANG_WARN_INT_CONVERSION = YES;
				CLANG_WARN_NON_LITERAL_NULL_CONVERSION = YES;
				CLANG_WARN_OBJC_IMPLICIT_RETAIN_SELF = YES;
				CLANG_WARN_OBJC_LITERAL_CONVERSION = YES;
				CLANG_WARN_OBJC_ROOT_CLASS = YES_ERROR;
				CLANG_WARN_QUOTED_INCLUDE_IN_FRAMEWORK_HEADER = YES;
				CLANG_WARN_RANGE_LOOP_ANALYSIS = YES;
				CLANG_WARN_STRICT_PROTOTYPES = YES;
				CLANG_WARN_SUSPICIOUS_MOVE = YES;
				CLANG_WARN_UNGUARDED_AVAILABILITY = YES_AGGRESSIVE;
				CLANG_WARN_UNREACHABLE_CODE = YES;
				CLANG_WARN__DUPLICATE_METHOD_MATCH = YES;
				COPY_PHASE_STRIP = NO;
				DEBUG_INFORMATION_FORMAT = "dwarf-with-dsym";
				ENABLE_NS_ASSERTIONS = NO;
				ENABLE_STRICT_OBJC_MSGSEND = YES;
				GCC_C_LANGUAGE_STANDARD = gnu11;
				GCC_NO_COMMON_BLOCKS = YES;
				GCC_WARN_64_TO_32_BIT_CONVERSION = YES;
				GCC_WARN_ABOUT_RETURN_TYPE = YES_ERROR;
				GCC_WARN_UNDECLARED_SELECTOR = YES;
				GCC_WARN_UNINITIALIZED_AUTOS = YES_AGGRESSIVE;
				GCC_WARN_UNUSED_FUNCTION = YES;
				GCC_WARN_UNUSED_VARIABLE = YES;
				IPHONEOS_DEPLOYMENT_TARGET = 15.5;
				MTL_ENABLE_DEBUG_INFO = NO;
				MTL_FAST_MATH = YES;
				SDKROOT = iphoneos;
				SWIFT_COMPILATION_MODE = wholemodule;
				SWIFT_OPTIMIZATION_LEVEL = "-O";
				VALIDATE_PRODUCT = YES;
			};
			name = Release;
		};
		C0ACB94F28A2D8CC00968F26 /* Debug */ = {
			isa = XCBuildConfiguration;
			buildSettings = {
				ASSETCATALOG_COMPILER_APPICON_NAME = AppIcon;
				ASSETCATALOG_COMPILER_GLOBAL_ACCENT_COLOR_NAME = AccentColor;
				CODE_SIGN_STYLE = Automatic;
				CURRENT_PROJECT_VERSION = 1;
				DEVELOPMENT_TEAM = 6PALB6K8YY;
				GENERATE_INFOPLIST_FILE = YES;
				INFOPLIST_FILE = "Dude-Money/Info.plist";
				INFOPLIST_KEY_CFBundleDisplayName = "Dude Money";
				INFOPLIST_KEY_UIApplicationSupportsIndirectInputEvents = YES;
				INFOPLIST_KEY_UILaunchStoryboardName = LaunchScreen;
				INFOPLIST_KEY_UISupportedInterfaceOrientations_iPad = "UIInterfaceOrientationPortrait UIInterfaceOrientationPortraitUpsideDown UIInterfaceOrientationLandscapeLeft UIInterfaceOrientationLandscapeRight";
				INFOPLIST_KEY_UISupportedInterfaceOrientations_iPhone = "UIInterfaceOrientationPortrait UIInterfaceOrientationLandscapeLeft UIInterfaceOrientationLandscapeRight";
				LD_RUNPATH_SEARCH_PATHS = (
					"$(inherited)",
					"@executable_path/Frameworks",
				);
				MARKETING_VERSION = 1.0;
				PRODUCT_BUNDLE_IDENTIFIER = "com.devmehmetates.Dude-Money";
				PRODUCT_NAME = "$(TARGET_NAME)";
				SWIFT_EMIT_LOC_STRINGS = YES;
				SWIFT_VERSION = 5.0;
				TARGETED_DEVICE_FAMILY = "1,2";
			};
			name = Debug;
		};
		C0ACB95028A2D8CC00968F26 /* Release */ = {
			isa = XCBuildConfiguration;
			buildSettings = {
				ASSETCATALOG_COMPILER_APPICON_NAME = AppIcon;
				ASSETCATALOG_COMPILER_GLOBAL_ACCENT_COLOR_NAME = AccentColor;
				CODE_SIGN_STYLE = Automatic;
				CURRENT_PROJECT_VERSION = 1;
				DEVELOPMENT_TEAM = 6PALB6K8YY;
				GENERATE_INFOPLIST_FILE = YES;
				INFOPLIST_FILE = "Dude-Money/Info.plist";
				INFOPLIST_KEY_CFBundleDisplayName = "Dude Money";
				INFOPLIST_KEY_UIApplicationSupportsIndirectInputEvents = YES;
				INFOPLIST_KEY_UILaunchStoryboardName = LaunchScreen;
				INFOPLIST_KEY_UISupportedInterfaceOrientations_iPad = "UIInterfaceOrientationPortrait UIInterfaceOrientationPortraitUpsideDown UIInterfaceOrientationLandscapeLeft UIInterfaceOrientationLandscapeRight";
				INFOPLIST_KEY_UISupportedInterfaceOrientations_iPhone = "UIInterfaceOrientationPortrait UIInterfaceOrientationLandscapeLeft UIInterfaceOrientationLandscapeRight";
				LD_RUNPATH_SEARCH_PATHS = (
					"$(inherited)",
					"@executable_path/Frameworks",
				);
				MARKETING_VERSION = 1.0;
				PRODUCT_BUNDLE_IDENTIFIER = "com.devmehmetates.Dude-Money";
				PRODUCT_NAME = "$(TARGET_NAME)";
				SWIFT_EMIT_LOC_STRINGS = YES;
				SWIFT_VERSION = 5.0;
				TARGETED_DEVICE_FAMILY = "1,2";
			};
			name = Release;
		};
/* End XCBuildConfiguration section */

/* Begin XCConfigurationList section */
		C0ACB93528A2D8CA00968F26 /* Build configuration list for PBXProject "Dude-Money" */ = {
			isa = XCConfigurationList;
			buildConfigurations = (
				C0ACB94C28A2D8CC00968F26 /* Debug */,
				C0ACB94D28A2D8CC00968F26 /* Release */,
			);
			defaultConfigurationIsVisible = 0;
			defaultConfigurationName = Release;
		};
		C0ACB94E28A2D8CC00968F26 /* Build configuration list for PBXNativeTarget "Dude-Money" */ = {
			isa = XCConfigurationList;
			buildConfigurations = (
				C0ACB94F28A2D8CC00968F26 /* Debug */,
				C0ACB95028A2D8CC00968F26 /* Release */,
			);
			defaultConfigurationIsVisible = 0;
			defaultConfigurationName = Release;
		};
/* End XCConfigurationList section */

/* Begin XCRemoteSwiftPackageReference section */
		C031E72B28A69B3F002CA97A /* XCRemoteSwiftPackageReference "IQKeyboardManager" */ = {
			isa = XCRemoteSwiftPackageReference;
			repositoryURL = "https://github.com/hackiftekhar/IQKeyboardManager.git";
			requirement = {
				kind = upToNextMajorVersion;
				minimumVersion = 6.5.0;
			};
		};
/* End XCRemoteSwiftPackageReference section */

/* Begin XCSwiftPackageProductDependency section */
		C031E72C28A69B3F002CA97A /* IQKeyboardManagerSwift */ = {
			isa = XCSwiftPackageProductDependency;
			package = C031E72B28A69B3F002CA97A /* XCRemoteSwiftPackageReference "IQKeyboardManager" */;
			productName = IQKeyboardManagerSwift;
		};
/* End XCSwiftPackageProductDependency section */
	};
	rootObject = C0ACB93228A2D8CA00968F26 /* Project object */;
}
